
Microsoft Visual Studio Solution File, Format Version 12.00
# Visual Studio Version 17
VisualStudioVersion = 17.7.34221.43
MinimumVisualStudioVersion = 10.0.40219.1
Project("{9A19103F-16F7-4668-BE54-9A1E7A4F7556}") = "EmergencyResponse", "EmergencyResponse\EmergencyResponse.csproj", "{0442DE2A-DDB5-4452-9B5A-D54682EDB3CC}"
EndProject
Project("{9A19103F-16F7-4668-BE54-9A1E7A4F7556}") = "EmergencyResponseTest", "EmergencyResponseTest\EmergencyResponseTest.csproj", "{EFD0CE25-A1A0-4C4B-A6C8-827CD6FDFDFA}"
EndProject
Global
	GlobalSection(SolutionConfigurationPlatforms) = preSolution
		Debug|Any CPU = Debug|Any CPU
		Release|Any CPU = Release|Any CPU
	EndGlobalSection
	GlobalSection(ProjectConfigurationPlatforms) = postSolution
		{0442DE2A-DDB5-4452-9B5A-D54682EDB3CC}.Debug|Any CPU.ActiveCfg = Debug|Any CPU
		{0442DE2A-DDB5-4452-9B5A-D54682EDB3CC}.Debug|Any CPU.Build.0 = Debug|Any CPU
		{0442DE2A-DDB5-4452-9B5A-D54682EDB3CC}.Release|Any CPU.ActiveCfg = Release|Any CPU
		{0442DE2A-DDB5-4452-9B5A-D54682EDB3CC}.Release|Any CPU.Build.0 = Release|Any CPU
		{EFD0CE25-A1A0-4C4B-A6C8-827CD6FDFDFA}.Debug|Any CPU.ActiveCfg = Debug|Any CPU
		{EFD0CE25-A1A0-4C4B-A6C8-827CD6FDFDFA}.Debug|Any CPU.Build.0 = Debug|Any CPU
		{EFD0CE25-A1A0-4C4B-A6C8-827CD6FDFDFA}.Release|Any CPU.ActiveCfg = Release|Any CPU
		{EFD0CE25-A1A0-4C4B-A6C8-827CD6FDFDFA}.Release|Any CPU.Build.0 = Release|Any CPU
	EndGlobalSection
	GlobalSection(SolutionProperties) = preSolution
		HideSolutionNode = FALSE
	EndGlobalSection
	GlobalSection(ExtensibilityGlobals) = postSolution
		SolutionGuid = {51C22C52-F538-4634-B70A-8A011BAF5D3A}
	EndGlobalSection
EndGlobal
